{"SurveyEntry":{"SurveyID":"SV_djc3cnhIvxs9kW1","SurveyName":"Sample Survey","SurveyDescription":null,"SurveyOwnerID":"UR_7PM55bZ60AOwlOR","SurveyBrandID":"universityrochester","DivisionID":null,"SurveyLanguage":"EN","SurveyActiveResponseSet":"RS_3Q8BL6K9q8eATsh","SurveyStatus":"Active","SurveyStartDate":"0000-00-00 00:00:00","SurveyExpirationDate":"0000-00-00 00:00:00","SurveyCreationDate":"2016-05-13 15:47:57","CreatorID":"UR_7PM55bZ60AOwlOR","LastModified":"2016-05-18 13:54:23","LastAccessed":"0000-00-00 00:00:00","LastActivated":"2016-05-17 22:52:47","Deleted":null},"SurveyElements":[{"SurveyID":"SV_djc3cnhIvxs9kW1","Element":"BL","PrimaryAttribute":"Survey Blocks","SecondaryAttribute":null,"TertiaryAttribute":null,"Payload":[{"Type":"Default","Description":"Super Simple!","ID":"BL_6KZBgINtl4KxTTL","BlockElements":[{"Type":"Question","QuestionID":"QID2"},{"Type":"Page Break"},{"Type":"Question","QuestionID":"QID3"},{"Type":"Page Break"},{"Type":"Question","QuestionID":"QID4"},{"Type":"Question","QuestionID":"QID5"},{"Type":"Page Break"},{"Type":"Question","QuestionID":"QID16"}]},{"Type":"Trash","Description":"Trash \/ Unused Questions","ID":"BL_1O0zjUAbbj26GNv","BlockElements":[]},{"Type":"Standard","SubType":"","Description":"Fav Animal - Puffin","ID":"BL_eP2gfDUaxDk02fH","BlockElements":[{"Type":"Question","QuestionID":"QID8"},{"Type":"Question","QuestionID":"QID6"},{"Type":"Question","QuestionID":"QID7"}]},{"Type":"Standard","SubType":"","Description":"Fav animal - Giraffe","ID":"BL_6haAXzDxPbFaJeZ","BlockElements":[{"Type":"Question","QuestionID":"QID9"},{"Type":"Question","QuestionID":"QID10"},{"Type":"Question","QuestionID":"QID11"}]},{"Type":"Standard","SubType":"","Description":"Sentence completion - randomized","ID":"BL_1YoOqcAEkGv7Iyh","BlockElements":[{"Type":"Question","QuestionID":"QID12"},{"Type":"Question","QuestionID":"QID13"},{"Type":"Question","QuestionID":"QID14"}],"Options":{"BlockLocking":"false","RandomizeQuestions":"Advanced","Randomization":{"Advanced":{"FixedOrder":["{~Randomized~}","QID14","{~Randomized~}"],"RandomizeAll":["QID12","QID13"],"RandomSubSet":[],"Undisplayed":[],"TotalRandSubset":0,"QuestionsPerPage":"1"},"EvenPresentation":false}}},{"Type":"Standard","SubType":"","Description":"Turk Code","ID":"BL_24OdDxsORzMeCa1","BlockElements":[{"Type":"Question","QuestionID":"QID15"}]}]},{"SurveyID":"SV_djc3cnhIvxs9kW1","Element":"FL","PrimaryAttribute":"Survey Flow","SecondaryAttribute":null,"TertiaryAttribute":null,"Payload":{"Type":"Root","FlowID":"FL_1","Flow":[{"Type":"WebService","FlowID":"FL_3","URL":"http:\/\/reporting.qualtrics.com\/projects\/randomNumGen.php","RequestParams":[{"key":"max","value":"999999"},{"key":"min","value":"000000"}],"ResponseMap":[{"key":"random","value":"mTurkCode"}],"FireAndForget":false},{"Type":"Block","ID":"BL_6KZBgINtl4KxTTL","FlowID":"FL_2"},{"Type":"BlockRandomizer","FlowID":"FL_6","SubSet":1,"EvenPresentation":true,"Flow":[{"Type":"Standard","ID":"BL_eP2gfDUaxDk02fH","FlowID":"FL_4"},{"Type":"Standard","ID":"BL_6haAXzDxPbFaJeZ","FlowID":"FL_5"}]},{"Type":"Standard","ID":"BL_1YoOqcAEkGv7Iyh","FlowID":"FL_7"},{"Type":"Standard","ID":"BL_24OdDxsORzMeCa1","FlowID":"FL_8"},{"Type":"EndSurvey","FlowID":"FL_9"}],"Properties":{"Count":11}}},{"SurveyID":"SV_djc3cnhIvxs9kW1","Element":"SO","PrimaryAttribute":"Survey Options","SecondaryAttribute":null,"TertiaryAttribute":null,"Payload":{"BackButton":"false","SaveAndContinue":"true","SurveyProtection":"PublicSurvey","BallotBoxStuffingPrevention":"false","NoIndex":"Yes","SecureResponseFiles":"true","SurveyExpiration":"None","SurveyTermination":"DefaultMessage","Header":"","Footer":"","ProgressBarDisplay":"Text","PartialData":"+1 week","ValidationMessage":"","PreviousButton":"  <<  ","NextButton":"  >>  ","SkinLibrary":"Qualtrics","SkinType":"MQ","Skin":"v4qualtrics2","NewScoring":1,"libraryId":"","nextButtonMid":"","previousButtonMid":"","headerMid":"","footerMid":"","QuestionsPerPage":"","PageTransition":"Slide","ExternalCSS":null,"CustomStyles":{"errorStyles":{"selector":".Skin .ValidationError","styles":{"color":null,"backgroundColor":null,"borderColor":null}},"errorStylesBG":{"selector":".Skin .HeaderValidationError, .Skin .HeaderValidationError li a","styles":{"color":null,"backgroundColor":null}},"pageStyles":{"selector":"#SurveyEngineBody","styles":{"backgroundColor":null}},"textStyles":{"selector":".SkinInner","styles":{"fontFamily":null,"fontSize":null,"fontWeight":null,"fontStyle":null,"textDecoration":null,"color":null}},"questionStyles":{"selector":".Skin .QuestionText","styles":{"fontFamily":null,"fontSize":null,"fontWeight":null,"fontStyle":null,"textDecoration":null,"color":null}},"choiceStyles":{"selector":".Skin .horizontalbar th.ylabel, .Skin .Matrix table td, .Skin .Matrix table th, .Skin .Matrix table thead th, .Skin .Matrix table thead td, .Skin .PGR .DragAndDrop .Items label, .Skin .QuestionBody ul.ChoiceStructure, .Skin .PGR .DragAndDrop .Group ul, .Skin .PGR .DragAndDrop .Group h2, .Skin .PGR .DragAndDrop .Items ul, .Skin .PGR .DragAndDrop .Items h2, .Skin .DD .QuestionBody table.ChoiceStructure, .Skin .PGR .DragAndDrop .NoColumns td.groupsContainerTd div ul, .Skin .PGR .DragAndDrop .NoColumns td.groupsContainerTd div h2, .Skin .SBS thead th, .Skin .SBS td, .Skin .SBS .Answers td, .Skin .SBS .Answers th, .SBS table.ChoiceStructure, .Skin .horizontalbar thead table.LabelDescriptions tr td, .Skin .horizontalbar thead tr td.NotApplicable, .QuestionBody th, .Skin .QuestionBody .MC .MAVR label, .Skin .QuestionBody .MC .SAVR label, .Skin .SBS thead th, .Skin .SBS td, .Skin .RO .DND ul li, .Skin .reg, .SkinInner .ChoiceStructure, .Skin thead, .Skin .GAP .ChoiceStructure thead th, .Skin .GAP .ChoiceStructure .c4, .Skin .GAP .ChoiceStructure th, .Skin .GAP .ChoiceStructure .WhyText, .SkinInner .ChoiceStructure .LightBG, .Skin .QuestionOuter.Highlight .Inner .reg, .Skin .QuestionOuter.Highlight .Inner .alt, .Skin .QuestionOuter.Highlight .Inner .ReadableAlt       ","styles":{"fontFamily":null,"fontSize":null,"fontWeight":null,"fontStyle":null,"textDecoration":null,"color":null}},"headerStyles":{"selector":".Skin div#Header","styles":{"color":null}},"footerStyles":{"selector":".Skin #Footer","styles":{"color":null}},"questionSeparatorStyles":{"selector":".Skin .Separator","styles":{"backgroundColor":null,"display":"block"}},"highlightStyles":{"selector":".Skin .QuestionOuter.Highlight .Inner, .Skin .QuestionOuter.Highlight .Inner .reg, .Skin .QuestionOuter.Highlight .Inner .alt, .Skin .QuestionOuter.Highlight .Inner .ReadableAlt","styles":{"backgroundColor":null}},"highlightStylesAlt":{"selector":".Skin .QuestionOuter.Highlight .Inner .ReadableAlt, .Skin .QuestionOuter.Highlight .Inner .LightBG","styles":{"backgroundColor":null}},"textEntryStyles":{"selector":".Skin select, .Skin .InputText","styles":{"color":null}},"borderStyles":{"selector":".Skin .CS .horizontalbar table.sliderGrid tr.xlabel th, .Skin .CS .horizontalbar .ylabel, .Skin .CS .horizontalbar table.sliderGrid tr td.value, .Skin .Slider .horizontalbar table.sliderGrid tr.xlabel th, .Skin .BorderColor, .Skin .DarkBorderColor, .Skin .Slider .horizontalbar table.sliderGrid tr td.value, .Skin thead, .Skin .GAP .ChoiceStructure thead th  ","styles":{"borderColor":null}},"altRowStyles":{"selector":".Skin .ReadableAlt, .Skin .LightBG","styles":{"backgroundColor":null}},"customCSS":null},"HighlightQuestions":"off"}},{"SurveyID":"SV_djc3cnhIvxs9kW1","Element":"SCO","PrimaryAttribute":"Scoring","SecondaryAttribute":null,"TertiaryAttribute":null,"Payload":{"ScoringCategories":[],"ScoringCategoryGroups":[],"ScoringSummaryCategory":null,"ScoringSummaryAfterQuestions":0,"ScoringSummaryAfterSurvey":0,"DefaultScoringCategory":null,"AutoScoringCategory":null}},{"SurveyID":"SV_djc3cnhIvxs9kW1","Element":"QC","PrimaryAttribute":"Survey Question Count","SecondaryAttribute":"17","TertiaryAttribute":null,"Payload":null},{"SurveyID":"SV_djc3cnhIvxs9kW1","Element":"SQ","PrimaryAttribute":"QID3","SecondaryAttribute":"A speaker was asked to describe one of the pictures below with a single word. Click on the pictur...","TertiaryAttribute":null,"Payload":{"QuestionText":"<div>A speaker was asked to describe one of the pictures below with a single word. Click on the picture that you think the speaker was referring to.<\/div><div>\n<br>\n<span style=\"font-size:22px;\">\"Big\"<\/span><br>\n<br>\n&nbsp;<\/div>","DefaultChoices":false,"DataExportTag":"Q6","QuestionID":"QID3","QuestionType":"MC","Selector":"SAHR","SubSelector":"TX","Configuration":{"QuestionDescriptionOption":"UseText","LabelPosition":"BELOW"},"QuestionDescription":"A speaker was asked to describe one of the pictures below with a single word. Click on the pictur...","Choices":{"3":{"Display":"&nbsp;","Image":{"Display":"green_fish_big.png","ImageLocation":"IM_3IxnDDI1CM6RtOt"}},"4":{"Display":"&nbsp;","Image":{"Display":"green_fish_small.png","ImageLocation":"IM_2npTJ1lAwVdtycJ"}}},"ChoiceOrder":["3","4"],"Validation":{"Settings":{"ForceResponse":"OFF","ForceResponseType":"ON","Type":"None"}},"GradingData":[],"Language":[]}},{"SurveyID":"SV_djc3cnhIvxs9kW1","Element":"SQ","PrimaryAttribute":"QID4","SecondaryAttribute":"Click on the picture that you think the turker was referring to.\"Blue\"","TertiaryAttribute":null,"Payload":{"QuestionText":"<div>Click on the picture that you think the turker was referring to.<br>\n<br>\n<span style=\"font-size:22px;\">\"Blue\"<\/span><\/div>","DefaultChoices":false,"DataExportTag":"Q8","QuestionType":"HotSpot","Selector":"OnOff","Configuration":{"QuestionDescriptionOption":"UseText"},"QuestionDescription":"Click on the picture that you think the turker was referring to.\"Blue\"","Choices":{"1":{"Display":"Red Wug"},"2":{"Display":"Spotted Wug"},"3":{"Display":"Blue Wug"}},"ChoiceOrder":["1","2","3"],"Validation":{"Settings":{"Type":"ChoiceRange","MinChoices":"1","MaxChoices":"1","CustomValidation":{"Logic":{"0":{"0":{"QuestionID":"QID9","QuestionIsInLoop":"no","ChoiceLocator":"q:\/\/QID9\/SelectableAnswer\/2","Operator":"Selected","QuestionIDFromLocator":"QID9","LeftOperand":"q:\/\/QID9\/SelectableAnswer\/2","Type":"Expression","LogicType":"Question","Description":"<span class=\"ConjDesc\">If<\/span> <span class=\"QuestionDesc\">Click on the picture that you think the turker was referring to.\n\n\"Blue\"<\/span> <span class=\"LeftOpDesc\"> - On<\/span> Is <span class=\"OpDesc\">Selected<\/span> "},"Type":"If"},"Type":"BooleanExpression"},"Message":{"messageID":null,"subMessageID":"VE_FORCE_RESPONSE","libraryID":null,"description":"Require response"}}}},"GradingData":[],"Language":[],"Height":230,"Width":750,"GraphicID":"IM_9AkbXYD32IOg0lL","Regions":[{"Type":"Polygon","Shapes":[[{"X":19,"Y":0},{"X":213,"Y":0},{"X":213,"Y":229},{"X":19,"Y":229}]],"Description":"Red Wug","ChoiceID":"1","X":19,"Y":0,"Width":194,"Height":229},{"Type":"Polygon","Shapes":[[{"X":529,"Y":0},{"X":721,"Y":0},{"X":721,"Y":229},{"X":529,"Y":229}]],"Description":"Spotted Wug","ChoiceID":"2","X":529,"Y":0,"Width":192,"Height":229},{"Type":"Polygon","Shapes":[[{"X":271,"Y":0},{"X":464,"Y":0},{"X":464,"Y":229},{"X":271,"Y":229}]],"Description":"Blue Wug","ChoiceID":"3","X":271,"Y":0,"Width":193,"Height":229}],"Visibility":"HiddenUntilHover","QuestionID":"QID4","Answers":{"1":{"Display":"Off"},"2":{"Display":"On"}}}},{"SurveyID":"SV_djc3cnhIvxs9kW1","Element":"CJ","PrimaryAttribute":"CJ_6zhAMoms4v6pX7v","SecondaryAttribute":"Conjoint","TertiaryAttribute":null,"Payload":{"Type":"SelfExplicated","Description":"Conjoint","DisplayOption":"Importance","DataExportTag":"CJ1","QuestionType":"Conjoint","T_FeatureElemenation":"Is ANY FEATURE LEVEL SO UNACCEPTABLE that ALL OPTIONS CONTAINING THAT LEVEL WOULD BE REJECTED, NO MATTER HOW ATTRACTIVE THE OPTION ON ALL OTHER FEATURES? In other words, with this feature level present, the option just doesn't work for you... and would NEVER, EVER, EVER be considered. It would be better for you to go totally without this product or service than have one with this feature level.","T_MostandLeastPreferred":"Please select your most preferred and least preferred for each set shown below:","T_PreferenceMostandLeast":"Considering the concepts you've just seen, please indicate your preference for the following:","T_ImportancesConstSum":"In the previous questions, you rated the following as your most preferred. Please allocate 100 percentage points showing the relative importance of each:","T_UpgradeConstSum":"Assume you are upgrading...please allocate 100 percentage points showing the relative importance of each upgrade:","DisplayOneAtATime":false,"Features":[],"ID":"CJ_6zhAMoms4v6pX7v"}},{"SurveyID":"SV_djc3cnhIvxs9kW1","Element":"RS","PrimaryAttribute":"RS_3Q8BL6K9q8eATsh","SecondaryAttribute":"Default Response Set","TertiaryAttribute":null,"Payload":null},{"SurveyID":"SV_djc3cnhIvxs9kW1","Element":"SQ","PrimaryAttribute":"QID5","SecondaryAttribute":"How comfortable are you with this choice?","TertiaryAttribute":null,"Payload":{"QuestionText":"How comfortable are you with this choice?","DataExportTag":"Q9","QuestionType":"MC","Selector":"SAHR","SubSelector":"TX","Configuration":{"QuestionDescriptionOption":"UseText","LabelPosition":"BELOW"},"QuestionDescription":"How comfortable are you with this choice?","Choices":{"1":{"Display":"Extremely comfortable"},"2":{"Display":"Somewhat comfortable"},"3":{"Display":"Neither comfortable nor uncomfortable"},"4":{"Display":"Somewhat uncomfortable"},"5":{"Display":"Extremely uncomfortable"}},"ChoiceOrder":[1,2,3,4,5],"Validation":{"Settings":{"ForceResponse":"OFF","ForceResponseType":"ON","Type":"None"}},"Language":[],"QuestionID":"QID5","DefaultChoices":false,"GradingData":[]}},{"SurveyID":"SV_djc3cnhIvxs9kW1","Element":"SQ","PrimaryAttribute":"QID12","SecondaryAttribute":"Please continue the following sentence: \u00a0 Mary is afraid of John because...","TertiaryAttribute":null,"Payload":{"QuestionText":"Please continue the following sentence:\n<div>&nbsp;<\/div>\n\n<div>Mary is afraid of John because...<\/div>","DefaultChoices":false,"DataExportTag":"Q11","QuestionID":"QID12","QuestionType":"TE","Selector":"ML","Configuration":{"QuestionDescriptionOption":"UseText"},"QuestionDescription":"Please continue the following sentence: \u00a0 Mary is afraid of John because...","Validation":{"Settings":{"ForceResponse":"OFF","ForceResponseType":"ON","Type":"None"}},"GradingData":[],"Language":[]}},{"SurveyID":"SV_djc3cnhIvxs9kW1","Element":"SQ","PrimaryAttribute":"QID13","SecondaryAttribute":"Please continue the following sentence: Chris called Steve because...","TertiaryAttribute":null,"Payload":{"QuestionText":"Please continue the following sentence:<div><br><\/div><div>Chris called Steve because...<\/div>","DefaultChoices":false,"DataExportTag":"Q12","QuestionID":"QID13","QuestionType":"TE","Selector":"ML","Configuration":{"QuestionDescriptionOption":"UseText"},"QuestionDescription":"Please continue the following sentence: Chris called Steve because...","Validation":{"Settings":{"ForceResponse":"OFF","ForceResponseType":"ON","Type":"None"}},"GradingData":[],"Language":[]}},{"SurveyID":"SV_djc3cnhIvxs9kW1","Element":"SQ","PrimaryAttribute":"QID14","SecondaryAttribute":"Please continue the following sentence: Marco wanted to eat pizza for dinner because...","TertiaryAttribute":null,"Payload":{"QuestionText":"Please continue the following sentence:<div><br><\/div><div>Marco wanted to eat pizza for dinner because...<\/div>","DefaultChoices":false,"DataExportTag":"Q13","QuestionType":"TE","Selector":"ML","Configuration":{"QuestionDescriptionOption":"UseText"},"QuestionDescription":"Please continue the following sentence: Marco wanted to eat pizza for dinner because...","Validation":{"Settings":{"ForceResponse":"OFF","ForceResponseType":"ON","Type":"None"}},"GradingData":[],"Language":[],"QuestionID":"QID14"}},{"SurveyID":"SV_djc3cnhIvxs9kW1","Element":"SQ","PrimaryAttribute":"QID16","SecondaryAttribute":"Please select which is the most true:","TertiaryAttribute":null,"Payload":{"QuestionText":"Please select which is the most true:","DataExportTag":"Q15","QuestionType":"MC","Selector":"DL","Configuration":{"QuestionDescriptionOption":"UseText"},"QuestionDescription":"Please select which is the most true:","Choices":{"4":{"Display":"I would use dropdown menus"},"5":{"Display":"I would not use dropdown menus"},"6":{"Display":"I might use dropdown menus"}},"ChoiceOrder":["4","5","6"],"Validation":{"Settings":{"ForceResponse":"OFF","ForceResponseType":"ON","Type":"None"}},"Language":[],"QuestionID":"QID16","DefaultChoices":false,"GradingData":[]}},{"SurveyID":"SV_djc3cnhIvxs9kW1","Element":"SQ","PrimaryAttribute":"QID15","SecondaryAttribute":"Thank you for taking part in this study. \u00a0 Here is your validation code for Mechanical Turk is ...","TertiaryAttribute":null,"Payload":{"QuestionText":"<p>Thank you for taking part in this study.<\/p>\n\n<p>&nbsp;<\/p>\n\n<p>Here is your validation code for Mechanical Turk is ${e:\/\/Field\/mTurkCode}.<\/p>\n<br>\nDONT FORGET after you have written down your survey code you MUST click the arrow button one more time or your answers will not be submitted. &nbsp;&nbsp;\n<div>&nbsp;<\/div>\n\n<div>Please also provide your Mechanical Turk Worker ID here:<\/div>","DefaultChoices":false,"DataExportTag":"Q15","QuestionType":"TE","Selector":"SL","Configuration":{"QuestionDescriptionOption":"UseText"},"QuestionDescription":"Thank you for taking part in this study. \u00a0 Here is your validation code for Mechanical Turk is ...","Validation":{"Settings":{"ForceResponse":"OFF","ForceResponseType":"ON","Type":"None"}},"GradingData":[],"Language":[],"QuestionID":"QID15"}},{"SurveyID":"SV_djc3cnhIvxs9kW1","Element":"SQ","PrimaryAttribute":"QID8","SecondaryAttribute":"Timing","TertiaryAttribute":null,"Payload":{"QuestionText":"Timing","DefaultChoices":false,"DataExportTag":"Q7","QuestionType":"Timing","Selector":"PageTimer","Configuration":{"QuestionDescriptionOption":"UseText","MinSeconds":10,"MaxSeconds":"0"},"QuestionDescription":"Timing","Choices":{"1":{"Display":"First Click"},"2":{"Display":"Last Click"},"3":{"Display":"Page Submit"},"4":{"Display":"Click Count"}},"GradingData":[],"Language":[],"QuestionID":"QID8"}},{"SurveyID":"SV_djc3cnhIvxs9kW1","Element":"SQ","PrimaryAttribute":"QID9","SecondaryAttribute":"Timing","TertiaryAttribute":null,"Payload":{"QuestionText":"Timing","DefaultChoices":false,"QuestionType":"Timing","Selector":"PageTimer","Configuration":{"QuestionDescriptionOption":"UseText","MinSeconds":10,"MaxSeconds":"0"},"QuestionDescription":"Timing","Choices":{"1":{"Display":"First Click"},"2":{"Display":"Last Click"},"3":{"Display":"Page Submit"},"4":{"Display":"Click Count"}},"GradingData":[],"Language":[],"QuestionText_Unsafe":"Timing","DataExportTag":"Q9","QuestionID":"QID9"}},{"SurveyID":"SV_djc3cnhIvxs9kW1","Element":"SQ","PrimaryAttribute":"QID2","SecondaryAttribute":"We are interested in how people use keywords to describe objects. In this task, you will be asked...","TertiaryAttribute":null,"Payload":{"QuestionText":"<div>We are interested in how people use keywords to describe objects. In this task, you will be asked to use one word to described the highlighted object.&nbsp;<\/div>\n\n<div>&nbsp;<\/div>\n\n<div>You will be shown a set of images, and the highlighted one is the one you will need to describe.<br>\n<br>\n&nbsp;<\/div>\n\n<div><img src=\"https:\/\/universityrochester.co1.qualtrics.com\/CP\/Graphic.php?IM=IM_0OCg8EZ09l53VM9\" style=\"width: 510px; height: 230px;\"><\/div>\n\n<div><em>&nbsp;<\/em><\/div>\n\n<div>You will then be asked to describe that object in one word.<\/div>\n\n<div>&nbsp;<\/div>\n\n<div>Let's give it a try!<\/div>\n\n<div>&nbsp;<\/div>\n\n<div>Write in one word that describes the highlighted object in the text box below.<\/div>","DefaultChoices":false,"DataExportTag":"Q4","QuestionType":"TE","Selector":"SL","Configuration":{"QuestionDescriptionOption":"UseText"},"QuestionDescription":"We are interested in how people use keywords to describe objects. In this task, you will be asked...","Validation":{"Settings":{"ForceResponse":"ON","ForceResponseType":"ON","Type":"CustomValidation","ValidDateType":"DateWithFormat","ValidPhoneType":"ValidUSPhone","ValidZipType":"ValidUSZip","CustomValidation":{"Logic":{"0":{"0":{"QuestionID":"QID2","QuestionIsInLoop":"no","ChoiceLocator":"q:\/\/QID2\/ChoiceTextEntryValue","Operator":"EqualTo","QuestionIDFromLocator":"QID2","LeftOperand":"q:\/\/QID2\/ChoiceTextEntryValue","RightOperand":"apple","IgnoreCase":1,"Type":"Expression","LogicType":"Question","Description":"<span class=\"ConjDesc\">If<\/span> <span class=\"QuestionDesc\">We are interested in how people use keywords to describe objects. In this task, you will be asked to use one word to described the highlighted object.&amp;nbsp;\n\n&amp;nbsp;\n\nYou will be shown a set of imag...<\/span> <span class=\"LeftOpDesc\">Text Response<\/span> Is <span class=\"OpDesc\">Equal to<\/span> <span class=\"RightOpDesc\"> apple <\/span>"},"Type":"If"},"Type":"BooleanExpression"},"Message":{"messageID":null,"subMessageID":"VE_ERROR","libraryID":null,"description":"Error Text"}}}},"GradingData":[],"Language":[],"QuestionID":"QID2"}},{"SurveyID":"SV_djc3cnhIvxs9kW1","Element":"SQ","PrimaryAttribute":"QID7","SecondaryAttribute":"What is my favorite animal?","TertiaryAttribute":null,"Payload":{"QuestionText":"What is my favorite animal?","DefaultChoices":false,"DataExportTag":"Q6","QuestionID":"QID7","QuestionType":"TE","Selector":"SL","Configuration":{"QuestionDescriptionOption":"UseText"},"QuestionDescription":"What is my favorite animal?","Validation":{"Settings":{"ForceResponse":"OFF","ForceResponseType":"ON","Type":"CustomValidation","CustomValidation":{"Logic":{"0":{"0":{"QuestionID":"QID7","QuestionIsInLoop":"no","ChoiceLocator":"q:\/\/QID7\/ChoiceTextEntryValue","Operator":"EqualTo","QuestionIDFromLocator":"QID7","LeftOperand":"q:\/\/QID7\/ChoiceTextEntryValue","RightOperand":"puffin","IgnoreCase":1,"Type":"Expression","LogicType":"Question","Description":"<span class=\"ConjDesc\">If<\/span> <span class=\"QuestionDesc\">What is my favorite animal?<\/span> <span class=\"LeftOpDesc\">Text Response<\/span> Is <span class=\"OpDesc\">Equal to<\/span> <span class=\"RightOpDesc\"> puffin <\/span>"},"Type":"If"},"Type":"BooleanExpression"},"Message":{"messageID":"MS_5d9ujuRabNMyLpr","subMessageID":"VE_ERROR","libraryID":"UR_7PM55bZ60AOwlOR","description":"Error Text"}}}},"GradingData":[],"Language":[]}},{"SurveyID":"SV_djc3cnhIvxs9kW1","Element":"SQ","PrimaryAttribute":"QID11","SecondaryAttribute":"What is my favorite animal?","TertiaryAttribute":null,"Payload":{"QuestionText":"What is my favorite animal?","DefaultChoices":false,"QuestionType":"TE","Selector":"SL","Configuration":{"QuestionDescriptionOption":"UseText"},"QuestionDescription":"What is my favorite animal?","Validation":{"Settings":{"ForceResponse":"OFF","ForceResponseType":"ON","Type":"CustomValidation","CustomValidation":{"Logic":{"0":{"0":{"QuestionID":"QID11","QuestionIsInLoop":"no","ChoiceLocator":"q:\/\/QID11\/ChoiceTextEntryValue","Operator":"EqualTo","QuestionIDFromLocator":"QID11","LeftOperand":"q:\/\/QID11\/ChoiceTextEntryValue","RightOperand":"giraffe","IgnoreCase":1,"Type":"Expression","LogicType":"Question","Description":"<span class=\"ConjDesc\">If<\/span> <span class=\"QuestionDesc\">What is my favorite animal?<\/span> <span class=\"LeftOpDesc\">Text Response<\/span> Is <span class=\"OpDesc\">Equal to<\/span> <span class=\"RightOpDesc\"> giraffe <\/span>"},"Type":"If"},"Type":"BooleanExpression"},"Message":{"messageID":"MS_5d9ujuRabNMyLpr","subMessageID":"VE_ERROR","libraryID":"UR_7PM55bZ60AOwlOR","description":"Error Text"}}}},"GradingData":[],"Language":[],"QuestionText_Unsafe":"What is my favorite animal?","DataExportTag":"Q11","QuestionID":"QID11"}},{"SurveyID":"SV_djc3cnhIvxs9kW1","Element":"SQ","PrimaryAttribute":"QID6","SecondaryAttribute":"What is your favorite animal?","TertiaryAttribute":null,"Payload":{"QuestionText":"<embed class=\"qmedia\" flashvars=\"file=https:\/\/universityrochester.co1.qualtrics.com\/CP\/File.php?F=F_8xeTzaODDDfumvX&amp;width=320&amp;height=20&amp;type=mp3&amp;autostart=true\" height=\"22\" pluginspage=\"http:\/\/adobe.com\/flashplayer\/\" src=\"..\/WRQualtricsShared\/Flash\/flvplayer.swf\" type=\"application\/x-shockwave-flash\" width=\"322\" wmode=\"transparent\" \/><br \/>\nWhat is your favorite animal?","DefaultChoices":false,"DataExportTag":"Q5","QuestionID":"QID6","QuestionType":"TE","Selector":"SL","Configuration":{"QuestionDescriptionOption":"UseText"},"QuestionDescription":"What is your favorite animal?","Validation":{"Settings":{"ForceResponse":"OFF","ForceResponseType":"ON","Type":"MinChar","MinChars":"3"}},"GradingData":[],"Language":[]}},{"SurveyID":"SV_djc3cnhIvxs9kW1","Element":"SQ","PrimaryAttribute":"QID10","SecondaryAttribute":"What is your favorite animal?","TertiaryAttribute":null,"Payload":{"QuestionText":"<embed class=\"qmedia\" flashvars=\"file=https:\/\/universityrochester.co1.qualtrics.com\/CP\/File.php?F=F_3W3j2iezJy30xhz&amp;width=320&amp;height=20&amp;type=mp3&amp;autostart=true\" height=\"22\" pluginspage=\"http:\/\/adobe.com\/flashplayer\/\" src=\"..\/WRQualtricsShared\/Flash\/flvplayer.swf\" type=\"application\/x-shockwave-flash\" width=\"322\" wmode=\"transparent\" \/><br \/>\nWhat is your favorite animal?","DefaultChoices":false,"QuestionType":"TE","Selector":"SL","Configuration":{"QuestionDescriptionOption":"UseText"},"QuestionDescription":"What is your favorite animal?","Validation":{"Settings":{"ForceResponse":"OFF","ForceResponseType":"ON","Type":"MinChar","MinChars":"3"}},"GradingData":[],"Language":[],"QuestionText_Unsafe":"<embed class=\"qmedia\" flashvars=\"file=https:\/\/universityrochester.co1.qualtrics.com\/CP\/File.php?F=F_8xeTzaODDDfumvX&amp;width=320&amp;height=20&amp;type=mp3&amp;autostart=false\" height=\"22\" pluginspage=\"http:\/\/adobe.com\/flashplayer\/\" src=\"..\/WRQualtricsShared\/Flash\/flvplayer.swf\" type=\"application\/x-shockwave-flash\" width=\"322\" wmode=\"transparent\" \/><br \/>\nWhat is your favorite animal?","DataExportTag":"Q10","QuestionID":"QID10"}}]}