{"SurveyEntry":{"SurveyID":"SV_510pBPyZIgb9Vnn","SurveyName":"Simple Survey - Tutorial","SurveyDescription":null,"SurveyOwnerID":"UR_7PM55bZ60AOwlOR","SurveyBrandID":"universityrochester","DivisionID":null,"SurveyLanguage":"EN","SurveyActiveResponseSet":"RS_6ofmdGik3htR4nb","SurveyStatus":"Inactive","SurveyStartDate":"0000-00-00 00:00:00","SurveyExpirationDate":"0000-00-00 00:00:00","SurveyCreationDate":"2016-05-12 08:33:36","CreatorID":"UR_7PM55bZ60AOwlOR","LastModified":"2016-05-12 08:36:47","LastAccessed":"0000-00-00 00:00:00","LastActivated":"0000-00-00 00:00:00","Deleted":null},"SurveyElements":[{"SurveyID":"SV_510pBPyZIgb9Vnn","Element":"BL","PrimaryAttribute":"Survey Blocks","SecondaryAttribute":null,"TertiaryAttribute":null,"Payload":[{"Type":"Default","Description":"Default Question Block","ID":"BL_8eryMSqdDJWcdut","BlockElements":[{"Type":"Question","QuestionID":"QID1"},{"Type":"Question","QuestionID":"QID2"},{"Type":"Question","QuestionID":"QID3"}]},{"Type":"Trash","Description":"Trash \/ Unused Questions","ID":"BL_b2bw8e4qBPN9pGZ"}]},{"SurveyID":"SV_510pBPyZIgb9Vnn","Element":"FL","PrimaryAttribute":"Survey Flow","SecondaryAttribute":null,"TertiaryAttribute":null,"Payload":{"Flow":[{"ID":"BL_8eryMSqdDJWcdut","Type":"Block","FlowID":"FL_2"}],"Properties":{"Count":2},"FlowID":"FL_1","Type":"Root"}},{"SurveyID":"SV_510pBPyZIgb9Vnn","Element":"SO","PrimaryAttribute":"Survey Options","SecondaryAttribute":null,"TertiaryAttribute":null,"Payload":{"BackButton":"false","SaveAndContinue":"true","SurveyProtection":"PublicSurvey","BallotBoxStuffingPrevention":"false","NoIndex":"Yes","SurveyExpiration":"None","SurveyTermination":"DefaultMessage","Header":"","Footer":"","ProgressBarDisplay":"None","PartialData":"+1 week","ValidationMessage":"","PreviousButton":"  <<  ","NextButton":"  >>  ","SkinLibrary":"Qualtrics","SkinType":"MQ","Skin":"v4qualtrics10","NewScoring":1,"libraryId":"","nextButtonMid":"","previousButtonMid":"","headerMid":"","footerMid":"","QuestionsPerPage":"","PageTransition":"Fade","ExternalCSS":null,"CustomStyles":{"errorStyles":{"selector":".Skin .ValidationError","styles":{"color":null,"backgroundColor":null,"borderColor":null}},"errorStylesBG":{"selector":".Skin .HeaderValidationError, .Skin .HeaderValidationError li a","styles":{"color":null,"backgroundColor":null}},"pageStyles":{"selector":"#SurveyEngineBody","styles":{"backgroundColor":null}},"textStyles":{"selector":".SkinInner","styles":{"fontFamily":null,"fontSize":null,"fontWeight":null,"fontStyle":null,"textDecoration":null,"color":null}},"questionStyles":{"selector":".Skin .QuestionText","styles":{"fontFamily":null,"fontSize":null,"fontWeight":null,"fontStyle":null,"textDecoration":null,"color":null}},"choiceStyles":{"selector":".Skin .horizontalbar th.ylabel, .Skin .Matrix table td, .Skin .Matrix table th, .Skin .Matrix table thead th, .Skin .Matrix table thead td, .Skin .PGR .DragAndDrop .Items label, .Skin .QuestionBody ul.ChoiceStructure, .Skin .PGR .DragAndDrop .Group ul, .Skin .PGR .DragAndDrop .Group h2, .Skin .PGR .DragAndDrop .Items ul, .Skin .PGR .DragAndDrop .Items h2, .Skin .DD .QuestionBody table.ChoiceStructure, .Skin .PGR .DragAndDrop .NoColumns td.groupsContainerTd div ul, .Skin .PGR .DragAndDrop .NoColumns td.groupsContainerTd div h2, .Skin .SBS thead th, .Skin .SBS td, .Skin .SBS .Answers td, .Skin .SBS .Answers th, .SBS table.ChoiceStructure, .Skin .horizontalbar thead table.LabelDescriptions tr td, .Skin .horizontalbar thead tr td.NotApplicable, .QuestionBody th, .Skin .QuestionBody .MC .MAVR label, .Skin .QuestionBody .MC .SAVR label, .Skin .SBS thead th, .Skin .SBS td, .Skin .RO .DND ul li, .Skin .reg, .SkinInner .ChoiceStructure, .Skin thead, .Skin .GAP .ChoiceStructure thead th, .Skin .GAP .ChoiceStructure .c4, .Skin .GAP .ChoiceStructure th, .Skin .GAP .ChoiceStructure .WhyText, .SkinInner .ChoiceStructure .LightBG, .Skin .QuestionOuter.Highlight .Inner .reg, .Skin .QuestionOuter.Highlight .Inner .alt, .Skin .QuestionOuter.Highlight .Inner .ReadableAlt       ","styles":{"fontFamily":null,"fontSize":null,"fontWeight":null,"fontStyle":null,"textDecoration":null,"color":null}},"headerStyles":{"selector":".Skin div#Header","styles":{"color":null}},"footerStyles":{"selector":".Skin #Footer","styles":{"color":null}},"questionSeparatorStyles":{"selector":".Skin .Separator","styles":{"backgroundColor":null,"display":"block"}},"highlightStyles":{"selector":".Skin .QuestionOuter.Highlight .Inner, .Skin .QuestionOuter.Highlight .Inner .reg, .Skin .QuestionOuter.Highlight .Inner .alt, .Skin .QuestionOuter.Highlight .Inner .ReadableAlt","styles":{"backgroundColor":null}},"highlightStylesAlt":{"selector":".Skin .QuestionOuter.Highlight .Inner .ReadableAlt, .Skin .QuestionOuter.Highlight .Inner .LightBG","styles":{"backgroundColor":null}},"textEntryStyles":{"selector":".Skin select, .Skin .InputText","styles":{"color":null}},"borderStyles":{"selector":".Skin .CS .horizontalbar table.sliderGrid tr.xlabel th, .Skin .CS .horizontalbar .ylabel, .Skin .CS .horizontalbar table.sliderGrid tr td.value, .Skin .Slider .horizontalbar table.sliderGrid tr.xlabel th, .Skin .BorderColor, .Skin .DarkBorderColor, .Skin .Slider .horizontalbar table.sliderGrid tr td.value, .Skin thead, .Skin .GAP .ChoiceStructure thead th  ","styles":{"borderColor":null}},"altRowStyles":{"selector":".Skin .ReadableAlt, .Skin .LightBG","styles":{"backgroundColor":null}},"customCSS":null},"HighlightQuestions":"off","ProtectSelectionIds":true}},{"SurveyID":"SV_510pBPyZIgb9Vnn","Element":"SCO","PrimaryAttribute":"Scoring","SecondaryAttribute":null,"TertiaryAttribute":null,"Payload":{"ScoringCategories":[],"ScoringCategoryGroups":[],"ScoringSummaryCategory":null,"ScoringSummaryAfterQuestions":0,"ScoringSummaryAfterSurvey":0,"DefaultScoringCategory":null,"AutoScoringCategory":null}},{"SurveyID":"SV_510pBPyZIgb9Vnn","Element":"QC","PrimaryAttribute":"Survey Question Count","SecondaryAttribute":"3","TertiaryAttribute":null,"Payload":null},{"SurveyID":"SV_510pBPyZIgb9Vnn","Element":"SQ","PrimaryAttribute":"QID3","SecondaryAttribute":"Any comments? (What did you like about the presentation? Anything not entirely clear? What should...","TertiaryAttribute":null,"Payload":{"QuestionText":"<strong>Any comments? (What did you like about the presentation? Anything not entirely clear? What should the presenters pay attention to when they write up the project?)<\/strong>","DefaultChoices":false,"DataExportTag":"Q5","QuestionType":"TE","Selector":"ESTB","Configuration":{"QuestionDescriptionOption":"UseText"},"QuestionDescription":"Any comments? (What did you like about the presentation? Anything not entirely clear? What should...","Validation":{"Settings":{"ForceResponse":"OFF","ForceResponseType":"ON","Type":"None"}},"GradingData":[],"Language":[],"QuestionID":"QID3"}},{"SurveyID":"SV_510pBPyZIgb9Vnn","Element":"SQ","PrimaryAttribute":"QID2","SecondaryAttribute":"Clarity of the presentation: 1) Clarity of Research Question: Were their research question and pr...","TertiaryAttribute":null,"Payload":{"QuestionText":"<strong>Clarity of the presentation: <br>1)<\/strong><span style=\"font-weight: normal;\"> Clarity of <\/span><strong>Research Question<\/strong><span style=\"font-weight: normal;\">: Were their research question and prediction presented clearly and motivated in relation to previous findings?<\/span><div><strong>2)&nbsp;<\/strong><span style=\"font-weight: normal;\">Clarity of&nbsp;<\/span><strong>Method<\/strong><span style=\"font-weight: normal;\">:&nbsp;<\/span><span style=\"font-weight: normal;\">Was the method (dataset(s), command(s), data sorting and annotation) presented clearly?<\/span><\/div><div>3<strong>)&nbsp;<\/strong><span style=\"font-weight: normal;\">Clarity of&nbsp;<\/span><strong>Results<\/strong><span style=\"font-weight: normal;\">:&nbsp;Were the findings&nbsp;presented&nbsp;clearly and&nbsp;summarized in a way so that people can easily understand the conclusion?&nbsp;<\/span><\/div>","DefaultChoices":false,"DataExportTag":"Q3","QuestionType":"Slider","Selector":"HSLIDER","Configuration":{"QuestionDescriptionOption":"UseText","CSSliderMin":0,"CSSliderMax":10,"GridLines":10,"SnapToGrid":false,"NumDecimals":"0","ShowValue":true,"CustomStart":false,"NotApplicable":false,"MobileFirst":true},"QuestionDescription":"Clarity of the presentation: 1) Clarity of Research Question: Were their research question and pr...","Choices":{"1":{"Display":"Clarity of Research Question"},"2":{"Display":"Clarity of Method"},"3":{"Display":"Clarity of Results"}},"ChoiceOrder":[1,2,3],"Validation":{"Settings":{"ForceResponse":"OFF","ForceResponseType":"ON","Type":"None"}},"GradingData":[],"Language":[],"Labels":[],"QuestionID":"QID2"}},{"SurveyID":"SV_510pBPyZIgb9Vnn","Element":"RS","PrimaryAttribute":"RS_6ofmdGik3htR4nb","SecondaryAttribute":"Default Response Set","TertiaryAttribute":null,"Payload":null},{"SurveyID":"SV_510pBPyZIgb9Vnn","Element":"SQ","PrimaryAttribute":"QID1","SecondaryAttribute":"Who is presenting?","TertiaryAttribute":null,"Payload":{"QuestionText":"Who is presenting?","DataExportTag":"Q1","QuestionType":"MC","Selector":"SAVR","SubSelector":"TX","Configuration":{"QuestionDescriptionOption":"UseText"},"QuestionDescription":"Who is presenting?","Choices":{"1":{"Display":"1: Amanda, Chigusa, Mike"},"2":{"Display":"2: Eugene, Val"},"3":{"Display":"3: Stephen, Sahed, Sarah"},"4":{"Display":"4: Katie, Rocco, Natalie"},"5":{"Display":"5: Crystal, Perry, Joe"},"6":{"Display":"6: Wes, Marisela, Phyllis"}},"ChoiceOrder":[1,2,3,4,5,6],"Validation":{"Settings":{"ForceResponse":"OFF","ForceResponseType":"ON","Type":"None"}},"GradingData":[],"Language":[],"QuestionID":"QID1"}}]}